{
  "name": "nist-weirstrauss",
  "version": "2.0.4",
  "lockfileVersion": 2,
  "requires": true,
  "packages": {
    "": {
      "name": "nist-weirstrauss",
      "version": "2.0.4",
      "license": "(Apache-2.0 OR MIT)",
      "dependencies": {
        "bigint-mod-arith": "^3.1.0",
        "multiformats": "^9.5.2",
        "uint8arrays": "^3.0.0"
      }
    },
    "node_modules/bigint-mod-arith": {
      "version": "3.1.0",
      "resolved": "https://registry.npmjs.org/bigint-mod-arith/-/bigint-mod-arith-3.1.0.tgz",
      "integrity": "sha512-vpiKCiv9B1nK8HhFOU7PMC4k9nrufQxeivgCj5yOH2ZMLD+UPwc/RfNgBCX+v8C6t0sF4q7mEZgZij6k53zpWA==",
      "engines": {
        "node": ">=10.4.0"
      }
    },
    "node_modules/multiformats": {
      "version": "9.7.1",
      "resolved": "https://registry.npmjs.org/multiformats/-/multiformats-9.7.1.tgz",
      "integrity": "sha512-TaVmGEBt0fhxiNJMGphBfB+oGvUxFs8KgGvgl8d3C+GWtrFcvXdJ2196eg+dYhmSFClmgFfSfJEklo+SZzdNuw=="
    },
    "node_modules/uint8arrays": {
      "version": "3.1.0",
      "resolved": "https://registry.npmjs.org/uint8arrays/-/uint8arrays-3.1.0.tgz",
      "integrity": "sha512-ei5rfKtoRO8OyOIor2Rz5fhzjThwIHJZ3uyDPnDHTXbP0aMQ1RN/6AI5B5d9dBxJOU+BvOAk7ZQ1xphsX8Lrog==",
      "dependencies": {
        "multiformats": "^9.4.2"
      }
    }
  },
  "dependencies": {
    "bigint-mod-arith": {
      "version": "3.1.0",
      "resolved": "https://registry.npmjs.org/bigint-mod-arith/-/bigint-mod-arith-3.1.0.tgz",
      "integrity": "sha512-vpiKCiv9B1nK8HhFOU7PMC4k9nrufQxeivgCj5yOH2ZMLD+UPwc/RfNgBCX+v8C6t0sF4q7mEZgZij6k53zpWA=="
    },
    "multiformats": {
      "version": "9.7.1",
      "resolved": "https://registry.npmjs.org/multiformats/-/multiformats-9.7.1.tgz",
      "integrity": "sha512-TaVmGEBt0fhxiNJMGphBfB+oGvUxFs8KgGvgl8d3C+GWtrFcvXdJ2196eg+dYhmSFClmgFfSfJEklo+SZzdNuw=="
    },
    "uint8arrays": {
      "version": "3.1.0",
      "resolved": "https://registry.npmjs.org/uint8arrays/-/uint8arrays-3.1.0.tgz",
      "integrity": "sha512-ei5rfKtoRO8OyOIor2Rz5fhzjThwIHJZ3uyDPnDHTXbP0aMQ1RN/6AI5B5d9dBxJOU+BvOAk7ZQ1xphsX8Lrog==",
      "requires": {
        "multiformats": "^9.4.2"
      }
    }
  }
}
